// !$*UTF8*$!
{
	archiveVersion = 1;
	classes = {
	};
	objectVersion = 56;
	objects = {

/* Begin PBXBuildFile section */
		FBACC9952AE8250D00AD25F5 /* AppDelegate.swift in Sources */ = {isa = PBXBuildFile; fileRef = FBACC9942AE8250D00AD25F5 /* AppDelegate.swift */; };
		FBACC9972AE8250D00AD25F5 /* SceneDelegate.swift in Sources */ = {isa = PBXBuildFile; fileRef = FBACC9962AE8250D00AD25F5 /* SceneDelegate.swift */; };
		FBACC99E2AE8251000AD25F5 /* Assets.xcassets in Resources */ = {isa = PBXBuildFile; fileRef = FBACC99D2AE8251000AD25F5 /* Assets.xcassets */; };
		FBACC9A12AE8251000AD25F5 /* LaunchScreen.storyboard in Resources */ = {isa = PBXBuildFile; fileRef = FBACC99F2AE8251000AD25F5 /* LaunchScreen.storyboard */; };
		FBACC9AC2AE82E7300AD25F5 /* UIColor+Consts.swift in Sources */ = {isa = PBXBuildFile; fileRef = FBACC9AB2AE82E7300AD25F5 /* UIColor+Consts.swift */; };
		FBACC9AE2AE834E000AD25F5 /* UIFont+Consts.swift in Sources */ = {isa = PBXBuildFile; fileRef = FBACC9AD2AE834E000AD25F5 /* UIFont+Consts.swift */; };
		FBACC9B02AE8382A00AD25F5 /* UIImage+Consts.swift in Sources */ = {isa = PBXBuildFile; fileRef = FBACC9AF2AE8382A00AD25F5 /* UIImage+Consts.swift */; };
		FBACC9B32AE83AF500AD25F5 /* SnapKit in Frameworks */ = {isa = PBXBuildFile; productRef = FBACC9B22AE83AF500AD25F5 /* SnapKit */; };
		FBACC9B82AE83DDE00AD25F5 /* LoginVC.swift in Sources */ = {isa = PBXBuildFile; fileRef = FBACC9B72AE83DDE00AD25F5 /* LoginVC.swift */; };
		FBF075672AF1022B00AE6194 /* UIButton+Consts.swift in Sources */ = {isa = PBXBuildFile; fileRef = FBF075662AF1022B00AE6194 /* UIButton+Consts.swift */; };
/* End PBXBuildFile section */

/* Begin PBXFileReference section */
		FBACC9912AE8250D00AD25F5 /* NoteMe.app */ = {isa = PBXFileReference; explicitFileType = wrapper.application; includeInIndex = 0; path = NoteMe.app; sourceTree = BUILT_PRODUCTS_DIR; };
		FBACC9942AE8250D00AD25F5 /* AppDelegate.swift */ = {isa = PBXFileReference; lastKnownFileType = sourcecode.swift; path = AppDelegate.swift; sourceTree = "<group>"; };
		FBACC9962AE8250D00AD25F5 /* SceneDelegate.swift */ = {isa = PBXFileReference; lastKnownFileType = sourcecode.swift; path = SceneDelegate.swift; sourceTree = "<group>"; };
		FBACC99D2AE8251000AD25F5 /* Assets.xcassets */ = {isa = PBXFileReference; lastKnownFileType = folder.assetcatalog; path = Assets.xcassets; sourceTree = "<group>"; };
		FBACC9A02AE8251000AD25F5 /* Base */ = {isa = PBXFileReference; lastKnownFileType = file.storyboard; name = Base; path = Base.lproj/LaunchScreen.storyboard; sourceTree = "<group>"; };
		FBACC9A22AE8251000AD25F5 /* Info.plist */ = {isa = PBXFileReference; lastKnownFileType = text.plist.xml; path = Info.plist; sourceTree = "<group>"; };
		FBACC9AB2AE82E7300AD25F5 /* UIColor+Consts.swift */ = {isa = PBXFileReference; lastKnownFileType = sourcecode.swift; path = "UIColor+Consts.swift"; sourceTree = "<group>"; };
		FBACC9AD2AE834E000AD25F5 /* UIFont+Consts.swift */ = {isa = PBXFileReference; lastKnownFileType = sourcecode.swift; path = "UIFont+Consts.swift"; sourceTree = "<group>"; };
		FBACC9AF2AE8382A00AD25F5 /* UIImage+Consts.swift */ = {isa = PBXFileReference; lastKnownFileType = sourcecode.swift; path = "UIImage+Consts.swift"; sourceTree = "<group>"; };
		FBACC9B72AE83DDE00AD25F5 /* LoginVC.swift */ = {isa = PBXFileReference; lastKnownFileType = sourcecode.swift; path = LoginVC.swift; sourceTree = "<group>"; };
		FBF075662AF1022B00AE6194 /* UIButton+Consts.swift */ = {isa = PBXFileReference; lastKnownFileType = sourcecode.swift; path = "UIButton+Consts.swift"; sourceTree = "<group>"; };
/* End PBXFileReference section */

/* Begin PBXFrameworksBuildPhase section */
		FBACC98E2AE8250D00AD25F5 /* Frameworks */ = {
			isa = PBXFrameworksBuildPhase;
			buildActionMask = 2147483647;
			files = (
				FBACC9B32AE83AF500AD25F5 /* SnapKit in Frameworks */,
			);
			runOnlyForDeploymentPostprocessing = 0;
		};
/* End PBXFrameworksBuildPhase section */

/* Begin PBXGroup section */
		FBACC9882AE8250D00AD25F5 = {
			isa = PBXGroup;
			children = (
				FBACC9932AE8250D00AD25F5 /* NoteMe */,
				FBACC9922AE8250D00AD25F5 /* Products */,
			);
			sourceTree = "<group>";
		};
		FBACC9922AE8250D00AD25F5 /* Products */ = {
			isa = PBXGroup;
			children = (
				FBACC9912AE8250D00AD25F5 /* NoteMe.app */,
			);
			name = Products;
			sourceTree = "<group>";
		};
		FBACC9932AE8250D00AD25F5 /* NoteMe */ = {
			isa = PBXGroup;
			children = (
				FBACC9A82AE82D1600AD25F5 /* App */,
				FBACC9A92AE82DB600AD25F5 /* Resources */,
				FBACC9B42AE83D7700AD25F5 /* Modules */,
				FBACC9A22AE8251000AD25F5 /* Info.plist */,
				FBACC99F2AE8251000AD25F5 /* LaunchScreen.storyboard */,
			);
			path = NoteMe;
			sourceTree = "<group>";
		};
		FBACC9A82AE82D1600AD25F5 /* App */ = {
			isa = PBXGroup;
			children = (
				FBACC9942AE8250D00AD25F5 /* AppDelegate.swift */,
				FBACC9962AE8250D00AD25F5 /* SceneDelegate.swift */,
			);
			path = App;
			sourceTree = "<group>";
		};
		FBACC9A92AE82DB600AD25F5 /* Resources */ = {
			isa = PBXGroup;
			children = (
				FBACC9AA2AE82E3A00AD25F5 /* Consts */,
				FBACC99D2AE8251000AD25F5 /* Assets.xcassets */,
			);
			path = Resources;
			sourceTree = "<group>";
		};
		FBACC9AA2AE82E3A00AD25F5 /* Consts */ = {
			isa = PBXGroup;
			children = (
				FBACC9AB2AE82E7300AD25F5 /* UIColor+Consts.swift */,
				FBACC9AD2AE834E000AD25F5 /* UIFont+Consts.swift */,
				FBACC9AF2AE8382A00AD25F5 /* UIImage+Consts.swift */,
				FBF075662AF1022B00AE6194 /* UIButton+Consts.swift */,
			);
			path = Consts;
			sourceTree = "<group>";
		};
		FBACC9B42AE83D7700AD25F5 /* Modules */ = {
			isa = PBXGroup;
			children = (
				FBACC9B52AE83DA900AD25F5 /* Auth */,
			);
			path = Modules;
			sourceTree = "<group>";
		};
		FBACC9B52AE83DA900AD25F5 /* Auth */ = {
			isa = PBXGroup;
			children = (
				FBACC9B62AE83DBF00AD25F5 /* Login */,
			);
			path = Auth;
			sourceTree = "<group>";
		};
		FBACC9B62AE83DBF00AD25F5 /* Login */ = {
			isa = PBXGroup;
			children = (
				FBACC9B72AE83DDE00AD25F5 /* LoginVC.swift */,
			);
			path = Login;
			sourceTree = "<group>";
		};
/* End PBXGroup section */

/* Begin PBXNativeTarget section */
		FBACC9902AE8250D00AD25F5 /* NoteMe */ = {
			isa = PBXNativeTarget;
			buildConfigurationList = FBACC9A52AE8251000AD25F5 /* Build configuration list for PBXNativeTarget "NoteMe" */;
			buildPhases = (
				FBACC98D2AE8250D00AD25F5 /* Sources */,
				FBACC98E2AE8250D00AD25F5 /* Frameworks */,
				FBACC98F2AE8250D00AD25F5 /* Resources */,
			);
			buildRules = (
			);
			dependencies = (
			);
			name = NoteMe;
			packageProductDependencies = (
				FBACC9B22AE83AF500AD25F5 /* SnapKit */,
			);
			productName = NoteMe;
			productReference = FBACC9912AE8250D00AD25F5 /* NoteMe.app */;
			productType = "com.apple.product-type.application";
		};
/* End PBXNativeTarget section */

/* Begin PBXProject section */
		FBACC9892AE8250D00AD25F5 /* Project object */ = {
			isa = PBXProject;
			attributes = {
				BuildIndependentTargetsInParallel = 1;
				LastSwiftUpdateCheck = 1430;
				LastUpgradeCheck = 1430;
				TargetAttributes = {
					FBACC9902AE8250D00AD25F5 = {
						CreatedOnToolsVersion = 14.3.1;
					};
				};
			};
			buildConfigurationList = FBACC98C2AE8250D00AD25F5 /* Build configuration list for PBXProject "NoteMe" */;
			compatibilityVersion = "Xcode 14.0";
			developmentRegion = en;
			hasScannedForEncodings = 0;
			knownRegions = (
				en,
				Base,
			);
			mainGroup = FBACC9882AE8250D00AD25F5;
			packageReferences = (
				FBACC9B12AE83AF500AD25F5 /* XCRemoteSwiftPackageReference "SnapKit" */,
			);
			productRefGroup = FBACC9922AE8250D00AD25F5 /* Products */;
			projectDirPath = "";
			projectRoot = "";
			targets = (
				FBACC9902AE8250D00AD25F5 /* NoteMe */,
			);
		};
/* End PBXProject section */

/* Begin PBXResourcesBuildPhase section */
		FBACC98F2AE8250D00AD25F5 /* Resources */ = {
			isa = PBXResourcesBuildPhase;
			buildActionMask = 2147483647;
			files = (
				FBACC9A12AE8251000AD25F5 /* LaunchScreen.storyboard in Resources */,
				FBACC99E2AE8251000AD25F5 /* Assets.xcassets in Resources */,
			);
			runOnlyForDeploymentPostprocessing = 0;
		};
/* End PBXResourcesBuildPhase section */

/* Begin PBXSourcesBuildPhase section */
		FBACC98D2AE8250D00AD25F5 /* Sources */ = {
			isa = PBXSourcesBuildPhase;
			buildActionMask = 2147483647;
			files = (
				FBACC9B02AE8382A00AD25F5 /* UIImage+Consts.swift in Sources */,
				FBACC9AE2AE834E000AD25F5 /* UIFont+Consts.swift in Sources */,
				FBACC9B82AE83DDE00AD25F5 /* LoginVC.swift in Sources */,
				FBF075672AF1022B00AE6194 /* UIButton+Consts.swift in Sources */,
				FBACC9952AE8250D00AD25F5 /* AppDelegate.swift in Sources */,
				FBACC9AC2AE82E7300AD25F5 /* UIColor+Consts.swift in Sources */,
				FBACC9972AE8250D00AD25F5 /* SceneDelegate.swift in Sources */,
			);
			runOnlyForDeploymentPostprocessing = 0;
		};
/* End PBXSourcesBuildPhase section */

/* Begin PBXVariantGroup section */
		FBACC99F2AE8251000AD25F5 /* LaunchScreen.storyboard */ = {
			isa = PBXVariantGroup;
			children = (
				FBACC9A02AE8251000AD25F5 /* Base */,
			);
			name = LaunchScreen.storyboard;
			sourceTree = "<group>";
		};
/* End PBXVariantGroup section */

/* Begin XCBuildConfiguration section */
		FBACC9A32AE8251000AD25F5 /* Debug */ = {
			isa = XCBuildConfiguration;
			buildSettings = {
				ALWAYS_SEARCH_USER_PATHS = NO;
				CLANG_ANALYZER_NONNULL = YES;
				CLANG_ANALYZER_NUMBER_OBJECT_CONVERSION = YES_AGGRESSIVE;
				CLANG_CXX_LANGUAGE_STANDARD = "gnu++20";
				CLANG_ENABLE_MODULES = YES;
				CLANG_ENABLE_OBJC_ARC = YES;
				CLANG_ENABLE_OBJC_WEAK = YES;
				CLANG_WARN_BLOCK_CAPTURE_AUTORELEASING = YES;
				CLANG_WARN_BOOL_CONVERSION = YES;
				CLANG_WARN_COMMA = YES;
				CLANG_WARN_CONSTANT_CONVERSION = YES;
				CLANG_WARN_DEPRECATED_OBJC_IMPLEMENTATIONS = YES;
				CLANG_WARN_DIRECT_OBJC_ISA_USAGE = YES_ERROR;
				CLANG_WARN_DOCUMENTATION_COMMENTS = YES;
				CLANG_WARN_EMPTY_BODY = YES;
				CLANG_WARN_ENUM_CONVERSION = YES;
				CLANG_WARN_INFINITE_RECURSION = YES;
				CLANG_WARN_INT_CONVERSION = YES;
				CLANG_WARN_NON_LITERAL_NULL_CONVERSION = YES;
				CLANG_WARN_OBJC_IMPLICIT_RETAIN_SELF = YES;
				CLANG_WARN_OBJC_LITERAL_CONVERSION = YES;
				CLANG_WARN_OBJC_ROOT_CLASS = YES_ERROR;
				CLANG_WARN_QUOTED_INCLUDE_IN_FRAMEWORK_HEADER = YES;
				CLANG_WARN_RANGE_LOOP_ANALYSIS = YES;
				CLANG_WARN_STRICT_PROTOTYPES = YES;
				CLANG_WARN_SUSPICIOUS_MOVE = YES;
				CLANG_WARN_UNGUARDED_AVAILABILITY = YES_AGGRESSIVE;
				CLANG_WARN_UNREACHABLE_CODE = YES;
				CLANG_WARN__DUPLICATE_METHOD_MATCH = YES;
				COPY_PHASE_STRIP = NO;
				DEBUG_INFORMATION_FORMAT = dwarf;
				ENABLE_STRICT_OBJC_MSGSEND = YES;
				ENABLE_TESTABILITY = YES;
				GCC_C_LANGUAGE_STANDARD = gnu11;
				GCC_DYNAMIC_NO_PIC = NO;
				GCC_NO_COMMON_BLOCKS = YES;
				GCC_OPTIMIZATION_LEVEL = 0;
				GCC_PREPROCESSOR_DEFINITIONS = (
					"DEBUG=1",
					"$(inherited)",
				);
				GCC_WARN_64_TO_32_BIT_CONVERSION = YES;
				GCC_WARN_ABOUT_RETURN_TYPE = YES_ERROR;
				GCC_WARN_UNDECLARED_SELECTOR = YES;
				GCC_WARN_UNINITIALIZED_AUTOS = YES_AGGRESSIVE;
				GCC_WARN_UNUSED_FUNCTION = YES;
				GCC_WARN_UNUSED_VARIABLE = YES;
				IPHONEOS_DEPLOYMENT_TARGET = 16.4;
				MTL_ENABLE_DEBUG_INFO = INCLUDE_SOURCE;
				MTL_FAST_MATH = YES;
				ONLY_ACTIVE_ARCH = YES;
				SDKROOT = iphoneos;
				SWIFT_ACTIVE_COMPILATION_CONDITIONS = DEBUG;
				SWIFT_OPTIMIZATION_LEVEL = "-Onone";
			};
			name = Debug;
		};
		FBACC9A42AE8251000AD25F5 /* Release */ = {
			isa = XCBuildConfiguration;
			buildSettings = {
				ALWAYS_SEARCH_USER_PATHS = NO;
				CLANG_ANALYZER_NONNULL = YES;
				CLANG_ANALYZER_NUMBER_OBJECT_CONVERSION = YES_AGGRESSIVE;
				CLANG_CXX_LANGUAGE_STANDARD = "gnu++20";
				CLANG_ENABLE_MODULES = YES;
				CLANG_ENABLE_OBJC_ARC = YES;
				CLANG_ENABLE_OBJC_WEAK = YES;
				CLANG_WARN_BLOCK_CAPTURE_AUTORELEASING = YES;
				CLANG_WARN_BOOL_CONVERSION = YES;
				CLANG_WARN_COMMA = YES;
				CLANG_WARN_CONSTANT_CONVERSION = YES;
				CLANG_WARN_DEPRECATED_OBJC_IMPLEMENTATIONS = YES;
				CLANG_WARN_DIRECT_OBJC_ISA_USAGE = YES_ERROR;
				CLANG_WARN_DOCUMENTATION_COMMENTS = YES;
				CLANG_WARN_EMPTY_BODY = YES;
				CLANG_WARN_ENUM_CONVERSION = YES;
				CLANG_WARN_INFINITE_RECURSION = YES;
				CLANG_WARN_INT_CONVERSION = YES;
				CLANG_WARN_NON_LITERAL_NULL_CONVERSION = YES;
				CLANG_WARN_OBJC_IMPLICIT_RETAIN_SELF = YES;
				CLANG_WARN_OBJC_LITERAL_CONVERSION = YES;
				CLANG_WARN_OBJC_ROOT_CLASS = YES_ERROR;
				CLANG_WARN_QUOTED_INCLUDE_IN_FRAMEWORK_HEADER = YES;
				CLANG_WARN_RANGE_LOOP_ANALYSIS = YES;
				CLANG_WARN_STRICT_PROTOTYPES = YES;
				CLANG_WARN_SUSPICIOUS_MOVE = YES;
				CLANG_WARN_UNGUARDED_AVAILABILITY = YES_AGGRESSIVE;
				CLANG_WARN_UNREACHABLE_CODE = YES;
				CLANG_WARN__DUPLICATE_METHOD_MATCH = YES;
				COPY_PHASE_STRIP = NO;
				DEBUG_INFORMATION_FORMAT = "dwarf-with-dsym";
				ENABLE_NS_ASSERTIONS = NO;
				ENABLE_STRICT_OBJC_MSGSEND = YES;
				GCC_C_LANGUAGE_STANDARD = gnu11;
				GCC_NO_COMMON_BLOCKS = YES;
				GCC_WARN_64_TO_32_BIT_CONVERSION = YES;
				GCC_WARN_ABOUT_RETURN_TYPE = YES_ERROR;
				GCC_WARN_UNDECLARED_SELECTOR = YES;
				GCC_WARN_UNINITIALIZED_AUTOS = YES_AGGRESSIVE;
				GCC_WARN_UNUSED_FUNCTION = YES;
				GCC_WARN_UNUSED_VARIABLE = YES;
				IPHONEOS_DEPLOYMENT_TARGET = 16.4;
				MTL_ENABLE_DEBUG_INFO = NO;
				MTL_FAST_MATH = YES;
				SDKROOT = iphoneos;
				SWIFT_COMPILATION_MODE = wholemodule;
				SWIFT_OPTIMIZATION_LEVEL = "-O";
				VALIDATE_PRODUCT = YES;
			};
			name = Release;
		};
		FBACC9A62AE8251000AD25F5 /* Debug */ = {
			isa = XCBuildConfiguration;
			buildSettings = {
				ASSETCATALOG_COMPILER_APPICON_NAME = AppIcon;
				ASSETCATALOG_COMPILER_GLOBAL_ACCENT_COLOR_NAME = AccentColor;
				CODE_SIGN_STYLE = Automatic;
				CURRENT_PROJECT_VERSION = 1;
				DEVELOPMENT_TEAM = A4S9XWQ2HC;
				GENERATE_INFOPLIST_FILE = YES;
				INFOPLIST_FILE = NoteMe/Info.plist;
				INFOPLIST_KEY_CFBundleDisplayName = NOTEme;
				INFOPLIST_KEY_LSApplicationCategoryType = "public.app-category.lifestyle";
				INFOPLIST_KEY_UIApplicationSupportsIndirectInputEvents = YES;
				INFOPLIST_KEY_UILaunchStoryboardName = LaunchScreen;
				INFOPLIST_KEY_UIStatusBarStyle = UIStatusBarStyleLightContent;
				INFOPLIST_KEY_UISupportedInterfaceOrientations = UIInterfaceOrientationPortrait;
				IPHONEOS_DEPLOYMENT_TARGET = 13.0;
				LD_RUNPATH_SEARCH_PATHS = (
					"$(inherited)",
					"@executable_path/Frameworks",
				);
				MARKETING_VERSION = 1.0;
				PRODUCT_BUNDLE_IDENTIFIER = KudCompany.NoteMe;
				PRODUCT_NAME = "$(TARGET_NAME)";
				SWIFT_EMIT_LOC_STRINGS = YES;
				SWIFT_VERSION = 5.0;
				TARGETED_DEVICE_FAMILY = "1,2";
			};
			name = Debug;
		};
		FBACC9A72AE8251000AD25F5 /* Release */ = {
			isa = XCBuildConfiguration;
			buildSettings = {
				ASSETCATALOG_COMPILER_APPICON_NAME = AppIcon;
				ASSETCATALOG_COMPILER_GLOBAL_ACCENT_COLOR_NAME = AccentColor;
				CODE_SIGN_STYLE = Automatic;
				CURRENT_PROJECT_VERSION = 1;
				DEVELOPMENT_TEAM = A4S9XWQ2HC;
				GENERATE_INFOPLIST_FILE = YES;
				INFOPLIST_FILE = NoteMe/Info.plist;
				INFOPLIST_KEY_CFBundleDisplayName = NOTEme;
				INFOPLIST_KEY_LSApplicationCategoryType = "public.app-category.lifestyle";
				INFOPLIST_KEY_UIApplicationSupportsIndirectInputEvents = YES;
				INFOPLIST_KEY_UILaunchStoryboardName = LaunchScreen;
				INFOPLIST_KEY_UIStatusBarStyle = UIStatusBarStyleLightContent;
				INFOPLIST_KEY_UISupportedInterfaceOrientations = UIInterfaceOrientationPortrait;
				IPHONEOS_DEPLOYMENT_TARGET = 13.0;
				LD_RUNPATH_SEARCH_PATHS = (
					"$(inherited)",
					"@executable_path/Frameworks",
				);
				MARKETING_VERSION = 1.0;
				PRODUCT_BUNDLE_IDENTIFIER = KudCompany.NoteMe;
				PRODUCT_NAME = "$(TARGET_NAME)";
				SWIFT_EMIT_LOC_STRINGS = YES;
				SWIFT_VERSION = 5.0;
				TARGETED_DEVICE_FAMILY = "1,2";
			};
			name = Release;
		};
/* End XCBuildConfiguration section */

/* Begin XCConfigurationList section */
		FBACC98C2AE8250D00AD25F5 /* Build configuration list for PBXProject "NoteMe" */ = {
			isa = XCConfigurationList;
			buildConfigurations = (
				FBACC9A32AE8251000AD25F5 /* Debug */,
				FBACC9A42AE8251000AD25F5 /* Release */,
			);
			defaultConfigurationIsVisible = 0;
			defaultConfigurationName = Release;
		};
		FBACC9A52AE8251000AD25F5 /* Build configuration list for PBXNativeTarget "NoteMe" */ = {
			isa = XCConfigurationList;
			buildConfigurations = (
				FBACC9A62AE8251000AD25F5 /* Debug */,
				FBACC9A72AE8251000AD25F5 /* Release */,
			);
			defaultConfigurationIsVisible = 0;
			defaultConfigurationName = Release;
		};
/* End XCConfigurationList section */

/* Begin XCRemoteSwiftPackageReference section */
		FBACC9B12AE83AF500AD25F5 /* XCRemoteSwiftPackageReference "SnapKit" */ = {
			isa = XCRemoteSwiftPackageReference;
			repositoryURL = "https://github.com/SnapKit/SnapKit.git";
			requirement = {
				kind = upToNextMajorVersion;
				minimumVersion = 5.0.0;
			};
		};
/* End XCRemoteSwiftPackageReference section */

/* Begin XCSwiftPackageProductDependency section */
		FBACC9B22AE83AF500AD25F5 /* SnapKit */ = {
			isa = XCSwiftPackageProductDependency;
			package = FBACC9B12AE83AF500AD25F5 /* XCRemoteSwiftPackageReference "SnapKit" */;
			productName = SnapKit;
		};
/* End XCSwiftPackageProductDependency section */
	};
	rootObject = FBACC9892AE8250D00AD25F5 /* Project object */;
}
