// !$*UTF8*$!
{
	archiveVersion = 1;
	classes = {
	};
	objectVersion = 56;
	objects = {

/* Begin PBXBuildFile section */
		FB0CEE992AF2C51200AC4DA1 /* UILabel+Styles.swift in Sources */ = {isa = PBXBuildFile; fileRef = FB0CEE982AF2C51200AC4DA1 /* UILabel+Styles.swift */; };
		FB43CC1C2AF16EC30018DA6B /* LineTextField.swift in Sources */ = {isa = PBXBuildFile; fileRef = FB43CC1B2AF16EC30018DA6B /* LineTextField.swift */; };
		FB627D042B1392E900F37995 /* ResetCoordinator.swift in Sources */ = {isa = PBXBuildFile; fileRef = FB627D032B1392E900F37995 /* ResetCoordinator.swift */; };
		FB7775A32B03DB88004B3479 /* RegisterPresenter.swift in Sources */ = {isa = PBXBuildFile; fileRef = FB7775A22B03DB88004B3479 /* RegisterPresenter.swift */; };
		FB7775A52B03E11C004B3479 /* RegisterAssembler.swift in Sources */ = {isa = PBXBuildFile; fileRef = FB7775A42B03E11C004B3479 /* RegisterAssembler.swift */; };
		FB7775A82B03E529004B3479 /* KeyboardHelper.swift in Sources */ = {isa = PBXBuildFile; fileRef = FB7775A72B03E529004B3479 /* KeyboardHelper.swift */; };
		FB9B435F2AF15F4D0079C5D0 /* View+Layer.swift in Sources */ = {isa = PBXBuildFile; fileRef = FB9B435E2AF15F4D0079C5D0 /* View+Layer.swift */; };
		FB9B43622AF160310079C5D0 /* UIButton+Styles.swift in Sources */ = {isa = PBXBuildFile; fileRef = FB9B43612AF160310079C5D0 /* UIButton+Styles.swift */; };
		FBACC9952AE8250D00AD25F5 /* AppDelegate.swift in Sources */ = {isa = PBXBuildFile; fileRef = FBACC9942AE8250D00AD25F5 /* AppDelegate.swift */; };
		FBACC9972AE8250D00AD25F5 /* SceneDelegate.swift in Sources */ = {isa = PBXBuildFile; fileRef = FBACC9962AE8250D00AD25F5 /* SceneDelegate.swift */; };
		FBACC99E2AE8251000AD25F5 /* Assets.xcassets in Resources */ = {isa = PBXBuildFile; fileRef = FBACC99D2AE8251000AD25F5 /* Assets.xcassets */; };
		FBACC9A12AE8251000AD25F5 /* LaunchScreen.storyboard in Resources */ = {isa = PBXBuildFile; fileRef = FBACC99F2AE8251000AD25F5 /* LaunchScreen.storyboard */; };
		FBACC9AC2AE82E7300AD25F5 /* UIColor+Consts.swift in Sources */ = {isa = PBXBuildFile; fileRef = FBACC9AB2AE82E7300AD25F5 /* UIColor+Consts.swift */; };
		FBACC9AE2AE834E000AD25F5 /* UIFont+Consts.swift in Sources */ = {isa = PBXBuildFile; fileRef = FBACC9AD2AE834E000AD25F5 /* UIFont+Consts.swift */; };
		FBACC9B02AE8382A00AD25F5 /* UIImage+Consts.swift in Sources */ = {isa = PBXBuildFile; fileRef = FBACC9AF2AE8382A00AD25F5 /* UIImage+Consts.swift */; };
		FBACC9B32AE83AF500AD25F5 /* SnapKit in Frameworks */ = {isa = PBXBuildFile; productRef = FBACC9B22AE83AF500AD25F5 /* SnapKit */; };
		FBACC9B82AE83DDE00AD25F5 /* LoginVC.swift in Sources */ = {isa = PBXBuildFile; fileRef = FBACC9B72AE83DDE00AD25F5 /* LoginVC.swift */; };
		FBBC90662AF53ABC00E17C96 /* String+Locale.swift in Sources */ = {isa = PBXBuildFile; fileRef = FBBC90652AF53ABC00E17C96 /* String+Locale.swift */; };
		FBBC90692AF543EA00E17C96 /* Localizable.strings in Resources */ = {isa = PBXBuildFile; fileRef = FBBC906B2AF543EA00E17C96 /* Localizable.strings */; };
		FBC6FB7B2AFE942C00796BC0 /* UIButton+Actions.swift in Sources */ = {isa = PBXBuildFile; fileRef = FBC6FB7A2AFE942C00796BC0 /* UIButton+Actions.swift */; };
		FBC6FB7D2AFE978000796BC0 /* LoginVM.swift in Sources */ = {isa = PBXBuildFile; fileRef = FBC6FB7C2AFE978000796BC0 /* LoginVM.swift */; };
		FBC6FB7F2AFE97ED00796BC0 /* LoginAssembler.swift in Sources */ = {isa = PBXBuildFile; fileRef = FBC6FB7E2AFE97ED00796BC0 /* LoginAssembler.swift */; };
		FBC6FB832AFEA1BC00796BC0 /* InputValidator.swift in Sources */ = {isa = PBXBuildFile; fileRef = FBC6FB822AFEA1BC00796BC0 /* InputValidator.swift */; };
		FBC6FB862AFEA81300796BC0 /* InputValidator+Login.swift in Sources */ = {isa = PBXBuildFile; fileRef = FBC6FB852AFEA81300796BC0 /* InputValidator+Login.swift */; };
		FBCCFFC12B0A235200A9B367 /* ResetVM.swift in Sources */ = {isa = PBXBuildFile; fileRef = FBCCFFC02B0A235200A9B367 /* ResetVM.swift */; };
		FBCCFFC42B0A267700A9B367 /* InputValidator+Reset.swift in Sources */ = {isa = PBXBuildFile; fileRef = FBCCFFC32B0A267700A9B367 /* InputValidator+Reset.swift */; };
		FBCCFFC62B0A27DB00A9B367 /* ResetAssembler.swift in Sources */ = {isa = PBXBuildFile; fileRef = FBCCFFC52B0A27DB00A9B367 /* ResetAssembler.swift */; };
		FBCCFFC92B0A2F5600A9B367 /* InputValidator+Register.swift in Sources */ = {isa = PBXBuildFile; fileRef = FBCCFFC82B0A2F5600A9B367 /* InputValidator+Register.swift */; };
		FBCCFFCB2B0D0DA200A9B367 /* KeyboardHelper+Register.swift in Sources */ = {isa = PBXBuildFile; fileRef = FBCCFFCA2B0D0DA200A9B367 /* KeyboardHelper+Register.swift */; };
		FBCCFFCD2B0D124600A9B367 /* AppCoordinator.swift in Sources */ = {isa = PBXBuildFile; fileRef = FBCCFFCC2B0D124600A9B367 /* AppCoordinator.swift */; };
		FBCCFFD02B0D129C00A9B367 /* Coordinator.swift in Sources */ = {isa = PBXBuildFile; fileRef = FBCCFFCF2B0D129C00A9B367 /* Coordinator.swift */; };
		FBCCFFD32B0D1B6C00A9B367 /* LoginCoordinator.swift in Sources */ = {isa = PBXBuildFile; fileRef = FBCCFFD22B0D1B6C00A9B367 /* LoginCoordinator.swift */; };
		FBCCFFD62B0D24BC00A9B367 /* RegisterCoordinator.swift in Sources */ = {isa = PBXBuildFile; fileRef = FBCCFFD52B0D24BC00A9B367 /* RegisterCoordinator.swift */; };
		FBD2E17D2AF3A20500415B82 /* UIView+Styles.swift in Sources */ = {isa = PBXBuildFile; fileRef = FBD2E17C2AF3A20500415B82 /* UIView+Styles.swift */; };
		FBD2E1802AF3AB8200415B82 /* RegisterVC.swift in Sources */ = {isa = PBXBuildFile; fileRef = FBD2E17F2AF3AB8200415B82 /* RegisterVC.swift */; };
		FBD2E1832AF3ECC600415B82 /* ResetVC.swift in Sources */ = {isa = PBXBuildFile; fileRef = FBD2E1822AF3ECC600415B82 /* ResetVC.swift */; };
/* End PBXBuildFile section */

/* Begin PBXFileReference section */
		FB0CEE982AF2C51200AC4DA1 /* UILabel+Styles.swift */ = {isa = PBXFileReference; lastKnownFileType = sourcecode.swift; path = "UILabel+Styles.swift"; sourceTree = "<group>"; };
		FB43CC1B2AF16EC30018DA6B /* LineTextField.swift */ = {isa = PBXFileReference; lastKnownFileType = sourcecode.swift; path = LineTextField.swift; sourceTree = "<group>"; };
		FB627D032B1392E900F37995 /* ResetCoordinator.swift */ = {isa = PBXFileReference; lastKnownFileType = sourcecode.swift; path = ResetCoordinator.swift; sourceTree = "<group>"; };
		FB7775A22B03DB88004B3479 /* RegisterPresenter.swift */ = {isa = PBXFileReference; lastKnownFileType = sourcecode.swift; path = RegisterPresenter.swift; sourceTree = "<group>"; };
		FB7775A42B03E11C004B3479 /* RegisterAssembler.swift */ = {isa = PBXFileReference; lastKnownFileType = sourcecode.swift; path = RegisterAssembler.swift; sourceTree = "<group>"; };
		FB7775A72B03E529004B3479 /* KeyboardHelper.swift */ = {isa = PBXFileReference; lastKnownFileType = sourcecode.swift; path = KeyboardHelper.swift; sourceTree = "<group>"; };
		FB9B435E2AF15F4D0079C5D0 /* View+Layer.swift */ = {isa = PBXFileReference; lastKnownFileType = sourcecode.swift; path = "View+Layer.swift"; sourceTree = "<group>"; };
		FB9B43612AF160310079C5D0 /* UIButton+Styles.swift */ = {isa = PBXFileReference; lastKnownFileType = sourcecode.swift; path = "UIButton+Styles.swift"; sourceTree = "<group>"; };
		FBACC9912AE8250D00AD25F5 /* NoteMe.app */ = {isa = PBXFileReference; explicitFileType = wrapper.application; includeInIndex = 0; path = NoteMe.app; sourceTree = BUILT_PRODUCTS_DIR; };
		FBACC9942AE8250D00AD25F5 /* AppDelegate.swift */ = {isa = PBXFileReference; lastKnownFileType = sourcecode.swift; path = AppDelegate.swift; sourceTree = "<group>"; };
		FBACC9962AE8250D00AD25F5 /* SceneDelegate.swift */ = {isa = PBXFileReference; lastKnownFileType = sourcecode.swift; path = SceneDelegate.swift; sourceTree = "<group>"; };
		FBACC99D2AE8251000AD25F5 /* Assets.xcassets */ = {isa = PBXFileReference; lastKnownFileType = folder.assetcatalog; path = Assets.xcassets; sourceTree = "<group>"; };
		FBACC9A02AE8251000AD25F5 /* Base */ = {isa = PBXFileReference; lastKnownFileType = file.storyboard; name = Base; path = Base.lproj/LaunchScreen.storyboard; sourceTree = "<group>"; };
		FBACC9A22AE8251000AD25F5 /* Info.plist */ = {isa = PBXFileReference; lastKnownFileType = text.plist.xml; path = Info.plist; sourceTree = "<group>"; };
		FBACC9AB2AE82E7300AD25F5 /* UIColor+Consts.swift */ = {isa = PBXFileReference; lastKnownFileType = sourcecode.swift; path = "UIColor+Consts.swift"; sourceTree = "<group>"; };
		FBACC9AD2AE834E000AD25F5 /* UIFont+Consts.swift */ = {isa = PBXFileReference; lastKnownFileType = sourcecode.swift; path = "UIFont+Consts.swift"; sourceTree = "<group>"; };
		FBACC9AF2AE8382A00AD25F5 /* UIImage+Consts.swift */ = {isa = PBXFileReference; lastKnownFileType = sourcecode.swift; path = "UIImage+Consts.swift"; sourceTree = "<group>"; };
		FBACC9B72AE83DDE00AD25F5 /* LoginVC.swift */ = {isa = PBXFileReference; lastKnownFileType = sourcecode.swift; path = LoginVC.swift; sourceTree = "<group>"; };
		FBBC90652AF53ABC00E17C96 /* String+Locale.swift */ = {isa = PBXFileReference; lastKnownFileType = sourcecode.swift; path = "String+Locale.swift"; sourceTree = "<group>"; };
		FBBC906A2AF543EA00E17C96 /* en */ = {isa = PBXFileReference; lastKnownFileType = text.plist.strings; name = en; path = en.lproj/Localizable.strings; sourceTree = "<group>"; };
		FBBC906C2AF5440900E17C96 /* ru */ = {isa = PBXFileReference; lastKnownFileType = text.plist.strings; name = ru; path = ru.lproj/LaunchScreen.strings; sourceTree = "<group>"; };
		FBBC906D2AF5440900E17C96 /* ru */ = {isa = PBXFileReference; lastKnownFileType = text.plist.strings; name = ru; path = ru.lproj/Localizable.strings; sourceTree = "<group>"; };
		FBC6FB7A2AFE942C00796BC0 /* UIButton+Actions.swift */ = {isa = PBXFileReference; lastKnownFileType = sourcecode.swift; path = "UIButton+Actions.swift"; sourceTree = "<group>"; };
		FBC6FB7C2AFE978000796BC0 /* LoginVM.swift */ = {isa = PBXFileReference; lastKnownFileType = sourcecode.swift; path = LoginVM.swift; sourceTree = "<group>"; };
		FBC6FB7E2AFE97ED00796BC0 /* LoginAssembler.swift */ = {isa = PBXFileReference; lastKnownFileType = sourcecode.swift; path = LoginAssembler.swift; sourceTree = "<group>"; };
		FBC6FB822AFEA1BC00796BC0 /* InputValidator.swift */ = {isa = PBXFileReference; lastKnownFileType = sourcecode.swift; path = InputValidator.swift; sourceTree = "<group>"; };
		FBC6FB852AFEA81300796BC0 /* InputValidator+Login.swift */ = {isa = PBXFileReference; lastKnownFileType = sourcecode.swift; path = "InputValidator+Login.swift"; sourceTree = "<group>"; };
		FBCCFFC02B0A235200A9B367 /* ResetVM.swift */ = {isa = PBXFileReference; lastKnownFileType = sourcecode.swift; path = ResetVM.swift; sourceTree = "<group>"; };
		FBCCFFC32B0A267700A9B367 /* InputValidator+Reset.swift */ = {isa = PBXFileReference; lastKnownFileType = sourcecode.swift; path = "InputValidator+Reset.swift"; sourceTree = "<group>"; };
		FBCCFFC52B0A27DB00A9B367 /* ResetAssembler.swift */ = {isa = PBXFileReference; lastKnownFileType = sourcecode.swift; path = ResetAssembler.swift; sourceTree = "<group>"; };
		FBCCFFC82B0A2F5600A9B367 /* InputValidator+Register.swift */ = {isa = PBXFileReference; lastKnownFileType = sourcecode.swift; path = "InputValidator+Register.swift"; sourceTree = "<group>"; };
		FBCCFFCA2B0D0DA200A9B367 /* KeyboardHelper+Register.swift */ = {isa = PBXFileReference; lastKnownFileType = sourcecode.swift; path = "KeyboardHelper+Register.swift"; sourceTree = "<group>"; };
		FBCCFFCC2B0D124600A9B367 /* AppCoordinator.swift */ = {isa = PBXFileReference; lastKnownFileType = sourcecode.swift; path = AppCoordinator.swift; sourceTree = "<group>"; };
		FBCCFFCF2B0D129C00A9B367 /* Coordinator.swift */ = {isa = PBXFileReference; lastKnownFileType = sourcecode.swift; path = Coordinator.swift; sourceTree = "<group>"; };
		FBCCFFD22B0D1B6C00A9B367 /* LoginCoordinator.swift */ = {isa = PBXFileReference; lastKnownFileType = sourcecode.swift; path = LoginCoordinator.swift; sourceTree = "<group>"; };
		FBCCFFD52B0D24BC00A9B367 /* RegisterCoordinator.swift */ = {isa = PBXFileReference; lastKnownFileType = sourcecode.swift; path = RegisterCoordinator.swift; sourceTree = "<group>"; };
		FBD2E17C2AF3A20500415B82 /* UIView+Styles.swift */ = {isa = PBXFileReference; lastKnownFileType = sourcecode.swift; path = "UIView+Styles.swift"; sourceTree = "<group>"; };
		FBD2E17F2AF3AB8200415B82 /* RegisterVC.swift */ = {isa = PBXFileReference; lastKnownFileType = sourcecode.swift; path = RegisterVC.swift; sourceTree = "<group>"; };
		FBD2E1822AF3ECC600415B82 /* ResetVC.swift */ = {isa = PBXFileReference; lastKnownFileType = sourcecode.swift; path = ResetVC.swift; sourceTree = "<group>"; };
/* End PBXFileReference section */

/* Begin PBXFrameworksBuildPhase section */
		FBACC98E2AE8250D00AD25F5 /* Frameworks */ = {
			isa = PBXFrameworksBuildPhase;
			buildActionMask = 2147483647;
			files = (
				FBACC9B32AE83AF500AD25F5 /* SnapKit in Frameworks */,
			);
			runOnlyForDeploymentPostprocessing = 0;
		};
/* End PBXFrameworksBuildPhase section */

/* Begin PBXGroup section */
		FB43CC1A2AF16EA50018DA6B /* Custom */ = {
			isa = PBXGroup;
			children = (
				FB43CC1B2AF16EC30018DA6B /* LineTextField.swift */,
			);
			path = Custom;
			sourceTree = "<group>";
		};
		FB627D022B1391C600F37995 /* Coordinator */ = {
			isa = PBXGroup;
			children = (
				FB627D032B1392E900F37995 /* ResetCoordinator.swift */,
				FBCCFFC52B0A27DB00A9B367 /* ResetAssembler.swift */,
			);
			path = Coordinator;
			sourceTree = "<group>";
		};
		FB7775A62B03E50C004B3479 /* KeyboardHelper */ = {
			isa = PBXGroup;
			children = (
				FB7775A72B03E529004B3479 /* KeyboardHelper.swift */,
			);
			path = KeyboardHelper;
			sourceTree = "<group>";
		};
		FB9B435D2AF15EC30079C5D0 /* Utils */ = {
			isa = PBXGroup;
			children = (
				FB9B435E2AF15F4D0079C5D0 /* View+Layer.swift */,
				FBBC90652AF53ABC00E17C96 /* String+Locale.swift */,
				FBC6FB7A2AFE942C00796BC0 /* UIButton+Actions.swift */,
			);
			path = Utils;
			sourceTree = "<group>";
		};
		FB9B43602AF15FFE0079C5D0 /* Styles */ = {
			isa = PBXGroup;
			children = (
				FB9B43612AF160310079C5D0 /* UIButton+Styles.swift */,
				FB0CEE982AF2C51200AC4DA1 /* UILabel+Styles.swift */,
				FBD2E17C2AF3A20500415B82 /* UIView+Styles.swift */,
			);
			path = Styles;
			sourceTree = "<group>";
		};
		FBACC9882AE8250D00AD25F5 = {
			isa = PBXGroup;
			children = (
				FBACC9932AE8250D00AD25F5 /* NoteMe */,
				FBACC9922AE8250D00AD25F5 /* Products */,
			);
			sourceTree = "<group>";
		};
		FBACC9922AE8250D00AD25F5 /* Products */ = {
			isa = PBXGroup;
			children = (
				FBACC9912AE8250D00AD25F5 /* NoteMe.app */,
			);
			name = Products;
			sourceTree = "<group>";
		};
		FBACC9932AE8250D00AD25F5 /* NoteMe */ = {
			isa = PBXGroup;
			children = (
				FBACC9A82AE82D1600AD25F5 /* App */,
				FB43CC1A2AF16EA50018DA6B /* Custom */,
				FBACC9B42AE83D7700AD25F5 /* Modules */,
				FBACC9A92AE82DB600AD25F5 /* Resources */,
				FBC6FB802AFEA14D00796BC0 /* Services */,
				FB9B43602AF15FFE0079C5D0 /* Styles */,
				FB9B435D2AF15EC30079C5D0 /* Utils */,
			);
			path = NoteMe;
			sourceTree = "<group>";
		};
		FBACC9A82AE82D1600AD25F5 /* App */ = {
			isa = PBXGroup;
			children = (
				FBACC9A22AE8251000AD25F5 /* Info.plist */,
				FBCCFFCC2B0D124600A9B367 /* AppCoordinator.swift */,
				FBACC9942AE8250D00AD25F5 /* AppDelegate.swift */,
				FBACC9962AE8250D00AD25F5 /* SceneDelegate.swift */,
			);
			path = App;
			sourceTree = "<group>";
		};
		FBACC9A92AE82DB600AD25F5 /* Resources */ = {
			isa = PBXGroup;
			children = (
				FBACC99F2AE8251000AD25F5 /* LaunchScreen.storyboard */,
				FBACC9AA2AE82E3A00AD25F5 /* Consts */,
				FBACC99D2AE8251000AD25F5 /* Assets.xcassets */,
				FBBC906B2AF543EA00E17C96 /* Localizable.strings */,
			);
			path = Resources;
			sourceTree = "<group>";
		};
		FBACC9AA2AE82E3A00AD25F5 /* Consts */ = {
			isa = PBXGroup;
			children = (
				FBACC9AB2AE82E7300AD25F5 /* UIColor+Consts.swift */,
				FBACC9AD2AE834E000AD25F5 /* UIFont+Consts.swift */,
				FBACC9AF2AE8382A00AD25F5 /* UIImage+Consts.swift */,
			);
			path = Consts;
			sourceTree = "<group>";
		};
		FBACC9B42AE83D7700AD25F5 /* Modules */ = {
			isa = PBXGroup;
			children = (
				FBACC9B52AE83DA900AD25F5 /* Auth */,
			);
			path = Modules;
			sourceTree = "<group>";
		};
		FBACC9B52AE83DA900AD25F5 /* Auth */ = {
			isa = PBXGroup;
			children = (
				FBACC9B62AE83DBF00AD25F5 /* Login */,
				FBD2E17E2AF3AB3B00415B82 /* Register */,
				FBD2E1812AF3ECAE00415B82 /* Reset */,
			);
			path = Auth;
			sourceTree = "<group>";
		};
		FBACC9B62AE83DBF00AD25F5 /* Login */ = {
			isa = PBXGroup;
			children = (
				FBCCFFD12B0D1B5600A9B367 /* Coordinator */,
				FBC6FB842AFEA7B500796BC0 /* UseCases */,
				FBACC9B72AE83DDE00AD25F5 /* LoginVC.swift */,
				FBC6FB7C2AFE978000796BC0 /* LoginVM.swift */,
			);
			path = Login;
			sourceTree = "<group>";
		};
		FBC6FB802AFEA14D00796BC0 /* Services */ = {
			isa = PBXGroup;
			children = (
				FBCCFFCE2B0D128F00A9B367 /* Coordinator */,
				FB7775A62B03E50C004B3479 /* KeyboardHelper */,
				FBC6FB812AFEA16100796BC0 /* InputValidator */,
			);
			path = Services;
			sourceTree = "<group>";
		};
		FBC6FB812AFEA16100796BC0 /* InputValidator */ = {
			isa = PBXGroup;
			children = (
				FBC6FB822AFEA1BC00796BC0 /* InputValidator.swift */,
			);
			path = InputValidator;
			sourceTree = "<group>";
		};
		FBC6FB842AFEA7B500796BC0 /* UseCases */ = {
			isa = PBXGroup;
			children = (
				FBC6FB852AFEA81300796BC0 /* InputValidator+Login.swift */,
			);
			path = UseCases;
			sourceTree = "<group>";
		};
		FBCCFFC22B0A266700A9B367 /* UseCases */ = {
			isa = PBXGroup;
			children = (
				FBCCFFC32B0A267700A9B367 /* InputValidator+Reset.swift */,
			);
			path = UseCases;
			sourceTree = "<group>";
		};
		FBCCFFC72B0A2F3900A9B367 /* UseCases */ = {
			isa = PBXGroup;
			children = (
				FBCCFFC82B0A2F5600A9B367 /* InputValidator+Register.swift */,
				FBCCFFCA2B0D0DA200A9B367 /* KeyboardHelper+Register.swift */,
			);
			path = UseCases;
			sourceTree = "<group>";
		};
		FBCCFFCE2B0D128F00A9B367 /* Coordinator */ = {
			isa = PBXGroup;
			children = (
				FBCCFFCF2B0D129C00A9B367 /* Coordinator.swift */,
			);
			path = Coordinator;
			sourceTree = "<group>";
		};
		FBCCFFD12B0D1B5600A9B367 /* Coordinator */ = {
			isa = PBXGroup;
			children = (
				FBCCFFD22B0D1B6C00A9B367 /* LoginCoordinator.swift */,
				FBC6FB7E2AFE97ED00796BC0 /* LoginAssembler.swift */,
			);
			path = Coordinator;
			sourceTree = "<group>";
		};
		FBCCFFD42B0D24AF00A9B367 /* Coordinator */ = {
			isa = PBXGroup;
			children = (
				FBCCFFD52B0D24BC00A9B367 /* RegisterCoordinator.swift */,
				FB7775A42B03E11C004B3479 /* RegisterAssembler.swift */,
			);
			path = Coordinator;
			sourceTree = "<group>";
		};
		FBD2E17E2AF3AB3B00415B82 /* Register */ = {
			isa = PBXGroup;
			children = (
				FB7775A22B03DB88004B3479 /* RegisterPresenter.swift */,
				FBD2E17F2AF3AB8200415B82 /* RegisterVC.swift */,
				FBCCFFD42B0D24AF00A9B367 /* Coordinator */,
				FBCCFFC72B0A2F3900A9B367 /* UseCases */,
			);
			path = Register;
			sourceTree = "<group>";
		};
		FBD2E1812AF3ECAE00415B82 /* Reset */ = {
			isa = PBXGroup;
			children = (
				FBD2E1822AF3ECC600415B82 /* ResetVC.swift */,
				FBCCFFC02B0A235200A9B367 /* ResetVM.swift */,
				FB627D022B1391C600F37995 /* Coordinator */,
				FBCCFFC22B0A266700A9B367 /* UseCases */,
			);
			path = Reset;
			sourceTree = "<group>";
		};
/* End PBXGroup section */

/* Begin PBXNativeTarget section */
		FBACC9902AE8250D00AD25F5 /* NoteMe */ = {
			isa = PBXNativeTarget;
			buildConfigurationList = FBACC9A52AE8251000AD25F5 /* Build configuration list for PBXNativeTarget "NoteMe" */;
			buildPhases = (
				FBACC98D2AE8250D00AD25F5 /* Sources */,
				FBACC98E2AE8250D00AD25F5 /* Frameworks */,
				FBACC98F2AE8250D00AD25F5 /* Resources */,
			);
			buildRules = (
			);
			dependencies = (
			);
			name = NoteMe;
			packageProductDependencies = (
				FBACC9B22AE83AF500AD25F5 /* SnapKit */,
			);
			productName = NoteMe;
			productReference = FBACC9912AE8250D00AD25F5 /* NoteMe.app */;
			productType = "com.apple.product-type.application";
		};
/* End PBXNativeTarget section */

/* Begin PBXProject section */
		FBACC9892AE8250D00AD25F5 /* Project object */ = {
			isa = PBXProject;
			attributes = {
				BuildIndependentTargetsInParallel = 1;
				LastSwiftUpdateCheck = 1430;
				LastUpgradeCheck = 1430;
				TargetAttributes = {
					FBACC9902AE8250D00AD25F5 = {
						CreatedOnToolsVersion = 14.3.1;
					};
				};
			};
			buildConfigurationList = FBACC98C2AE8250D00AD25F5 /* Build configuration list for PBXProject "NoteMe" */;
			compatibilityVersion = "Xcode 14.0";
			developmentRegion = en;
			hasScannedForEncodings = 0;
			knownRegions = (
				en,
				Base,
				ru,
			);
			mainGroup = FBACC9882AE8250D00AD25F5;
			packageReferences = (
				FBACC9B12AE83AF500AD25F5 /* XCRemoteSwiftPackageReference "SnapKit" */,
			);
			productRefGroup = FBACC9922AE8250D00AD25F5 /* Products */;
			projectDirPath = "";
			projectRoot = "";
			targets = (
				FBACC9902AE8250D00AD25F5 /* NoteMe */,
			);
		};
/* End PBXProject section */

/* Begin PBXResourcesBuildPhase section */
		FBACC98F2AE8250D00AD25F5 /* Resources */ = {
			isa = PBXResourcesBuildPhase;
			buildActionMask = 2147483647;
			files = (
				FBACC9A12AE8251000AD25F5 /* LaunchScreen.storyboard in Resources */,
				FBBC90692AF543EA00E17C96 /* Localizable.strings in Resources */,
				FBACC99E2AE8251000AD25F5 /* Assets.xcassets in Resources */,
			);
			runOnlyForDeploymentPostprocessing = 0;
		};
/* End PBXResourcesBuildPhase section */

/* Begin PBXSourcesBuildPhase section */
		FBACC98D2AE8250D00AD25F5 /* Sources */ = {
			isa = PBXSourcesBuildPhase;
			buildActionMask = 2147483647;
			files = (
				FBACC9B02AE8382A00AD25F5 /* UIImage+Consts.swift in Sources */,
				FB43CC1C2AF16EC30018DA6B /* LineTextField.swift in Sources */,
				FBC6FB862AFEA81300796BC0 /* InputValidator+Login.swift in Sources */,
				FBD2E17D2AF3A20500415B82 /* UIView+Styles.swift in Sources */,
				FBACC9AE2AE834E000AD25F5 /* UIFont+Consts.swift in Sources */,
				FBC6FB7D2AFE978000796BC0 /* LoginVM.swift in Sources */,
				FB7775A52B03E11C004B3479 /* RegisterAssembler.swift in Sources */,
				FBACC9B82AE83DDE00AD25F5 /* LoginVC.swift in Sources */,
				FBC6FB7F2AFE97ED00796BC0 /* LoginAssembler.swift in Sources */,
				FBCCFFC42B0A267700A9B367 /* InputValidator+Reset.swift in Sources */,
				FBD2E1832AF3ECC600415B82 /* ResetVC.swift in Sources */,
				FB9B43622AF160310079C5D0 /* UIButton+Styles.swift in Sources */,
				FBCCFFD32B0D1B6C00A9B367 /* LoginCoordinator.swift in Sources */,
				FBCCFFC92B0A2F5600A9B367 /* InputValidator+Register.swift in Sources */,
				FBC6FB7B2AFE942C00796BC0 /* UIButton+Actions.swift in Sources */,
				FBACC9952AE8250D00AD25F5 /* AppDelegate.swift in Sources */,
				FBBC90662AF53ABC00E17C96 /* String+Locale.swift in Sources */,
				FBCCFFC62B0A27DB00A9B367 /* ResetAssembler.swift in Sources */,
				FB0CEE992AF2C51200AC4DA1 /* UILabel+Styles.swift in Sources */,
				FBCCFFD02B0D129C00A9B367 /* Coordinator.swift in Sources */,
				FBCCFFCB2B0D0DA200A9B367 /* KeyboardHelper+Register.swift in Sources */,
				FBCCFFC12B0A235200A9B367 /* ResetVM.swift in Sources */,
				FBCCFFCD2B0D124600A9B367 /* AppCoordinator.swift in Sources */,
				FBC6FB832AFEA1BC00796BC0 /* InputValidator.swift in Sources */,
				FBCCFFD62B0D24BC00A9B367 /* RegisterCoordinator.swift in Sources */,
				FB7775A82B03E529004B3479 /* KeyboardHelper.swift in Sources */,
				FB7775A32B03DB88004B3479 /* RegisterPresenter.swift in Sources */,
				FBACC9AC2AE82E7300AD25F5 /* UIColor+Consts.swift in Sources */,
				FBD2E1802AF3AB8200415B82 /* RegisterVC.swift in Sources */,
				FB627D042B1392E900F37995 /* ResetCoordinator.swift in Sources */,
				FB9B435F2AF15F4D0079C5D0 /* View+Layer.swift in Sources */,
				FBACC9972AE8250D00AD25F5 /* SceneDelegate.swift in Sources */,
			);
			runOnlyForDeploymentPostprocessing = 0;
		};
/* End PBXSourcesBuildPhase section */

/* Begin PBXVariantGroup section */
		FBACC99F2AE8251000AD25F5 /* LaunchScreen.storyboard */ = {
			isa = PBXVariantGroup;
			children = (
				FBACC9A02AE8251000AD25F5 /* Base */,
				FBBC906C2AF5440900E17C96 /* ru */,
			);
			name = LaunchScreen.storyboard;
			sourceTree = "<group>";
		};
		FBBC906B2AF543EA00E17C96 /* Localizable.strings */ = {
			isa = PBXVariantGroup;
			children = (
				FBBC906A2AF543EA00E17C96 /* en */,
				FBBC906D2AF5440900E17C96 /* ru */,
			);
			name = Localizable.strings;
			sourceTree = "<group>";
		};
/* End PBXVariantGroup section */

/* Begin XCBuildConfiguration section */
		FBACC9A32AE8251000AD25F5 /* Debug */ = {
			isa = XCBuildConfiguration;
			buildSettings = {
				ALWAYS_SEARCH_USER_PATHS = NO;
				CLANG_ANALYZER_LOCALIZABILITY_NONLOCALIZED = YES;
				CLANG_ANALYZER_NONNULL = YES;
				CLANG_ANALYZER_NUMBER_OBJECT_CONVERSION = YES_AGGRESSIVE;
				CLANG_CXX_LANGUAGE_STANDARD = "gnu++20";
				CLANG_ENABLE_MODULES = YES;
				CLANG_ENABLE_OBJC_ARC = YES;
				CLANG_ENABLE_OBJC_WEAK = YES;
				CLANG_WARN_BLOCK_CAPTURE_AUTORELEASING = YES;
				CLANG_WARN_BOOL_CONVERSION = YES;
				CLANG_WARN_COMMA = YES;
				CLANG_WARN_CONSTANT_CONVERSION = YES;
				CLANG_WARN_DEPRECATED_OBJC_IMPLEMENTATIONS = YES;
				CLANG_WARN_DIRECT_OBJC_ISA_USAGE = YES_ERROR;
				CLANG_WARN_DOCUMENTATION_COMMENTS = YES;
				CLANG_WARN_EMPTY_BODY = YES;
				CLANG_WARN_ENUM_CONVERSION = YES;
				CLANG_WARN_INFINITE_RECURSION = YES;
				CLANG_WARN_INT_CONVERSION = YES;
				CLANG_WARN_NON_LITERAL_NULL_CONVERSION = YES;
				CLANG_WARN_OBJC_IMPLICIT_RETAIN_SELF = YES;
				CLANG_WARN_OBJC_LITERAL_CONVERSION = YES;
				CLANG_WARN_OBJC_ROOT_CLASS = YES_ERROR;
				CLANG_WARN_QUOTED_INCLUDE_IN_FRAMEWORK_HEADER = YES;
				CLANG_WARN_RANGE_LOOP_ANALYSIS = YES;
				CLANG_WARN_STRICT_PROTOTYPES = YES;
				CLANG_WARN_SUSPICIOUS_MOVE = YES;
				CLANG_WARN_UNGUARDED_AVAILABILITY = YES_AGGRESSIVE;
				CLANG_WARN_UNREACHABLE_CODE = YES;
				CLANG_WARN__DUPLICATE_METHOD_MATCH = YES;
				COPY_PHASE_STRIP = NO;
				DEBUG_INFORMATION_FORMAT = dwarf;
				ENABLE_STRICT_OBJC_MSGSEND = YES;
				ENABLE_TESTABILITY = YES;
				GCC_C_LANGUAGE_STANDARD = gnu11;
				GCC_DYNAMIC_NO_PIC = NO;
				GCC_NO_COMMON_BLOCKS = YES;
				GCC_OPTIMIZATION_LEVEL = 0;
				GCC_PREPROCESSOR_DEFINITIONS = (
					"DEBUG=1",
					"$(inherited)",
				);
				GCC_WARN_64_TO_32_BIT_CONVERSION = YES;
				GCC_WARN_ABOUT_RETURN_TYPE = YES_ERROR;
				GCC_WARN_UNDECLARED_SELECTOR = YES;
				GCC_WARN_UNINITIALIZED_AUTOS = YES_AGGRESSIVE;
				GCC_WARN_UNUSED_FUNCTION = YES;
				GCC_WARN_UNUSED_VARIABLE = YES;
				IPHONEOS_DEPLOYMENT_TARGET = 16.4;
				MTL_ENABLE_DEBUG_INFO = INCLUDE_SOURCE;
				MTL_FAST_MATH = YES;
				ONLY_ACTIVE_ARCH = YES;
				SDKROOT = iphoneos;
				SWIFT_ACTIVE_COMPILATION_CONDITIONS = DEBUG;
				SWIFT_OPTIMIZATION_LEVEL = "-Onone";
			};
			name = Debug;
		};
		FBACC9A42AE8251000AD25F5 /* Release */ = {
			isa = XCBuildConfiguration;
			buildSettings = {
				ALWAYS_SEARCH_USER_PATHS = NO;
				CLANG_ANALYZER_LOCALIZABILITY_NONLOCALIZED = YES;
				CLANG_ANALYZER_NONNULL = YES;
				CLANG_ANALYZER_NUMBER_OBJECT_CONVERSION = YES_AGGRESSIVE;
				CLANG_CXX_LANGUAGE_STANDARD = "gnu++20";
				CLANG_ENABLE_MODULES = YES;
				CLANG_ENABLE_OBJC_ARC = YES;
				CLANG_ENABLE_OBJC_WEAK = YES;
				CLANG_WARN_BLOCK_CAPTURE_AUTORELEASING = YES;
				CLANG_WARN_BOOL_CONVERSION = YES;
				CLANG_WARN_COMMA = YES;
				CLANG_WARN_CONSTANT_CONVERSION = YES;
				CLANG_WARN_DEPRECATED_OBJC_IMPLEMENTATIONS = YES;
				CLANG_WARN_DIRECT_OBJC_ISA_USAGE = YES_ERROR;
				CLANG_WARN_DOCUMENTATION_COMMENTS = YES;
				CLANG_WARN_EMPTY_BODY = YES;
				CLANG_WARN_ENUM_CONVERSION = YES;
				CLANG_WARN_INFINITE_RECURSION = YES;
				CLANG_WARN_INT_CONVERSION = YES;
				CLANG_WARN_NON_LITERAL_NULL_CONVERSION = YES;
				CLANG_WARN_OBJC_IMPLICIT_RETAIN_SELF = YES;
				CLANG_WARN_OBJC_LITERAL_CONVERSION = YES;
				CLANG_WARN_OBJC_ROOT_CLASS = YES_ERROR;
				CLANG_WARN_QUOTED_INCLUDE_IN_FRAMEWORK_HEADER = YES;
				CLANG_WARN_RANGE_LOOP_ANALYSIS = YES;
				CLANG_WARN_STRICT_PROTOTYPES = YES;
				CLANG_WARN_SUSPICIOUS_MOVE = YES;
				CLANG_WARN_UNGUARDED_AVAILABILITY = YES_AGGRESSIVE;
				CLANG_WARN_UNREACHABLE_CODE = YES;
				CLANG_WARN__DUPLICATE_METHOD_MATCH = YES;
				COPY_PHASE_STRIP = NO;
				DEBUG_INFORMATION_FORMAT = "dwarf-with-dsym";
				ENABLE_NS_ASSERTIONS = NO;
				ENABLE_STRICT_OBJC_MSGSEND = YES;
				GCC_C_LANGUAGE_STANDARD = gnu11;
				GCC_NO_COMMON_BLOCKS = YES;
				GCC_WARN_64_TO_32_BIT_CONVERSION = YES;
				GCC_WARN_ABOUT_RETURN_TYPE = YES_ERROR;
				GCC_WARN_UNDECLARED_SELECTOR = YES;
				GCC_WARN_UNINITIALIZED_AUTOS = YES_AGGRESSIVE;
				GCC_WARN_UNUSED_FUNCTION = YES;
				GCC_WARN_UNUSED_VARIABLE = YES;
				IPHONEOS_DEPLOYMENT_TARGET = 16.4;
				MTL_ENABLE_DEBUG_INFO = NO;
				MTL_FAST_MATH = YES;
				SDKROOT = iphoneos;
				SWIFT_COMPILATION_MODE = wholemodule;
				SWIFT_OPTIMIZATION_LEVEL = "-O";
				VALIDATE_PRODUCT = YES;
			};
			name = Release;
		};
		FBACC9A62AE8251000AD25F5 /* Debug */ = {
			isa = XCBuildConfiguration;
			buildSettings = {
				ASSETCATALOG_COMPILER_APPICON_NAME = AppIcon;
				ASSETCATALOG_COMPILER_GLOBAL_ACCENT_COLOR_NAME = AccentColor;
				CODE_SIGN_STYLE = Automatic;
				CURRENT_PROJECT_VERSION = 1;
				DEVELOPMENT_TEAM = A4S9XWQ2HC;
				GENERATE_INFOPLIST_FILE = YES;
				INFOPLIST_FILE = NoteMe/App/Info.plist;
				INFOPLIST_KEY_CFBundleDisplayName = NOTEme;
				INFOPLIST_KEY_LSApplicationCategoryType = "public.app-category.lifestyle";
				INFOPLIST_KEY_UIApplicationSupportsIndirectInputEvents = YES;
				INFOPLIST_KEY_UILaunchStoryboardName = LaunchScreen;
				INFOPLIST_KEY_UIStatusBarStyle = UIStatusBarStyleLightContent;
				INFOPLIST_KEY_UISupportedInterfaceOrientations = UIInterfaceOrientationPortrait;
				IPHONEOS_DEPLOYMENT_TARGET = 13.0;
				LD_RUNPATH_SEARCH_PATHS = (
					"$(inherited)",
					"@executable_path/Frameworks",
				);
				MARKETING_VERSION = 1.0;
				PRODUCT_BUNDLE_IDENTIFIER = KudCompany.NoteMe;
				PRODUCT_NAME = "$(TARGET_NAME)";
				SWIFT_EMIT_LOC_STRINGS = YES;
				SWIFT_VERSION = 5.0;
				TARGETED_DEVICE_FAMILY = "1,2";
			};
			name = Debug;
		};
		FBACC9A72AE8251000AD25F5 /* Release */ = {
			isa = XCBuildConfiguration;
			buildSettings = {
				ASSETCATALOG_COMPILER_APPICON_NAME = AppIcon;
				ASSETCATALOG_COMPILER_GLOBAL_ACCENT_COLOR_NAME = AccentColor;
				CODE_SIGN_STYLE = Automatic;
				CURRENT_PROJECT_VERSION = 1;
				DEVELOPMENT_TEAM = A4S9XWQ2HC;
				GENERATE_INFOPLIST_FILE = YES;
				INFOPLIST_FILE = NoteMe/App/Info.plist;
				INFOPLIST_KEY_CFBundleDisplayName = NOTEme;
				INFOPLIST_KEY_LSApplicationCategoryType = "public.app-category.lifestyle";
				INFOPLIST_KEY_UIApplicationSupportsIndirectInputEvents = YES;
				INFOPLIST_KEY_UILaunchStoryboardName = LaunchScreen;
				INFOPLIST_KEY_UIStatusBarStyle = UIStatusBarStyleLightContent;
				INFOPLIST_KEY_UISupportedInterfaceOrientations = UIInterfaceOrientationPortrait;
				IPHONEOS_DEPLOYMENT_TARGET = 13.0;
				LD_RUNPATH_SEARCH_PATHS = (
					"$(inherited)",
					"@executable_path/Frameworks",
				);
				MARKETING_VERSION = 1.0;
				PRODUCT_BUNDLE_IDENTIFIER = KudCompany.NoteMe;
				PRODUCT_NAME = "$(TARGET_NAME)";
				SWIFT_EMIT_LOC_STRINGS = YES;
				SWIFT_VERSION = 5.0;
				TARGETED_DEVICE_FAMILY = "1,2";
			};
			name = Release;
		};
/* End XCBuildConfiguration section */

/* Begin XCConfigurationList section */
		FBACC98C2AE8250D00AD25F5 /* Build configuration list for PBXProject "NoteMe" */ = {
			isa = XCConfigurationList;
			buildConfigurations = (
				FBACC9A32AE8251000AD25F5 /* Debug */,
				FBACC9A42AE8251000AD25F5 /* Release */,
			);
			defaultConfigurationIsVisible = 0;
			defaultConfigurationName = Release;
		};
		FBACC9A52AE8251000AD25F5 /* Build configuration list for PBXNativeTarget "NoteMe" */ = {
			isa = XCConfigurationList;
			buildConfigurations = (
				FBACC9A62AE8251000AD25F5 /* Debug */,
				FBACC9A72AE8251000AD25F5 /* Release */,
			);
			defaultConfigurationIsVisible = 0;
			defaultConfigurationName = Release;
		};
/* End XCConfigurationList section */

/* Begin XCRemoteSwiftPackageReference section */
		FBACC9B12AE83AF500AD25F5 /* XCRemoteSwiftPackageReference "SnapKit" */ = {
			isa = XCRemoteSwiftPackageReference;
			repositoryURL = "https://github.com/SnapKit/SnapKit.git";
			requirement = {
				kind = upToNextMajorVersion;
				minimumVersion = 5.0.0;
			};
		};
/* End XCRemoteSwiftPackageReference section */

/* Begin XCSwiftPackageProductDependency section */
		FBACC9B22AE83AF500AD25F5 /* SnapKit */ = {
			isa = XCSwiftPackageProductDependency;
			package = FBACC9B12AE83AF500AD25F5 /* XCRemoteSwiftPackageReference "SnapKit" */;
			productName = SnapKit;
		};
/* End XCSwiftPackageProductDependency section */
	};
	rootObject = FBACC9892AE8250D00AD25F5 /* Project object */;
}
